// !$*UTF8*$!
{
	archiveVersion = 1;
	classes = {
	};
	objectVersion = 55;
	objects = {

/* Begin PBXBuildFile section */
		4DBF3F06274CCC4100508A2D /* PersonViewModel.swift in Sources */ = {isa = PBXBuildFile; fileRef = 4DBF3F05274CCC4100508A2D /* PersonViewModel.swift */; };
		4DD85516274538D700BE1D4C /* AppDelegate.swift in Sources */ = {isa = PBXBuildFile; fileRef = 4DD85515274538D700BE1D4C /* AppDelegate.swift */; };
		4DD85518274538D700BE1D4C /* SceneDelegate.swift in Sources */ = {isa = PBXBuildFile; fileRef = 4DD85517274538D700BE1D4C /* SceneDelegate.swift */; };
		4DD8551A274538D700BE1D4C /* ViewController.swift in Sources */ = {isa = PBXBuildFile; fileRef = 4DD85519274538D700BE1D4C /* ViewController.swift */; };
		4DD8551D274538D700BE1D4C /* Main.storyboard in Resources */ = {isa = PBXBuildFile; fileRef = 4DD8551B274538D700BE1D4C /* Main.storyboard */; };
		4DD85520274538D700BE1D4C /* CoreData_Assignment.xcdatamodeld in Sources */ = {isa = PBXBuildFile; fileRef = 4DD8551E274538D700BE1D4C /* CoreData_Assignment.xcdatamodeld */; };
		4DD85522274538D800BE1D4C /* Assets.xcassets in Resources */ = {isa = PBXBuildFile; fileRef = 4DD85521274538D800BE1D4C /* Assets.xcassets */; };
		4DD85525274538D800BE1D4C /* LaunchScreen.storyboard in Resources */ = {isa = PBXBuildFile; fileRef = 4DD85523274538D800BE1D4C /* LaunchScreen.storyboard */; };
		4DEBAE0D27457FF000293A57 /* DBOperations.swift in Sources */ = {isa = PBXBuildFile; fileRef = 4DEBAE0C27457FF000293A57 /* DBOperations.swift */; };
/* End PBXBuildFile section */

/* Begin PBXFileReference section */
		4DBF3F05274CCC4100508A2D /* PersonViewModel.swift */ = {isa = PBXFileReference; lastKnownFileType = sourcecode.swift; path = PersonViewModel.swift; sourceTree = "<group>"; };
		4DD85512274538D700BE1D4C /* CoreData Assignment.app */ = {isa = PBXFileReference; explicitFileType = wrapper.application; includeInIndex = 0; path = "CoreData Assignment.app"; sourceTree = BUILT_PRODUCTS_DIR; };
		4DD85515274538D700BE1D4C /* AppDelegate.swift */ = {isa = PBXFileReference; lastKnownFileType = sourcecode.swift; path = AppDelegate.swift; sourceTree = "<group>"; };
		4DD85517274538D700BE1D4C /* SceneDelegate.swift */ = {isa = PBXFileReference; lastKnownFileType = sourcecode.swift; path = SceneDelegate.swift; sourceTree = "<group>"; };
		4DD85519274538D700BE1D4C /* ViewController.swift */ = {isa = PBXFileReference; lastKnownFileType = sourcecode.swift; path = ViewController.swift; sourceTree = "<group>"; };
		4DD8551C274538D700BE1D4C /* Base */ = {isa = PBXFileReference; lastKnownFileType = file.storyboard; name = Base; path = Base.lproj/Main.storyboard; sourceTree = "<group>"; };
		4DD8551F274538D700BE1D4C /* CoreData_Assignment.xcdatamodel */ = {isa = PBXFileReference; lastKnownFileType = wrapper.xcdatamodel; path = CoreData_Assignment.xcdatamodel; sourceTree = "<group>"; };
		4DD85521274538D800BE1D4C /* Assets.xcassets */ = {isa = PBXFileReference; lastKnownFileType = folder.assetcatalog; path = Assets.xcassets; sourceTree = "<group>"; };
		4DD85524274538D800BE1D4C /* Base */ = {isa = PBXFileReference; lastKnownFileType = file.storyboard; name = Base; path = Base.lproj/LaunchScreen.storyboard; sourceTree = "<group>"; };
		4DD85526274538D800BE1D4C /* Info.plist */ = {isa = PBXFileReference; lastKnownFileType = text.plist.xml; path = Info.plist; sourceTree = "<group>"; };
		4DEBAE0C27457FF000293A57 /* DBOperations.swift */ = {isa = PBXFileReference; lastKnownFileType = sourcecode.swift; path = DBOperations.swift; sourceTree = "<group>"; };
/* End PBXFileReference section */

/* Begin PBXFrameworksBuildPhase section */
		4DD8550F274538D700BE1D4C /* Frameworks */ = {
			isa = PBXFrameworksBuildPhase;
			buildActionMask = 2147483647;
			files = (
			);
			runOnlyForDeploymentPostprocessing = 0;
		};
/* End PBXFrameworksBuildPhase section */

/* Begin PBXGroup section */
		4DBF3F04274CCC0F00508A2D /* ViewModel */ = {
			isa = PBXGroup;
			children = (
				4DBF3F05274CCC4100508A2D /* PersonViewModel.swift */,
			);
			path = ViewModel;
			sourceTree = "<group>";
		};
		4DBF3F07274CDD2300508A2D /* Controllers */ = {
			isa = PBXGroup;
			children = (
				4DD85519274538D700BE1D4C /* ViewController.swift */,
			);
			path = Controllers;
			sourceTree = "<group>";
		};
		4DBF3F08274CDD5E00508A2D /* View */ = {
			isa = PBXGroup;
			children = (
				4DD8551B274538D700BE1D4C /* Main.storyboard */,
			);
			path = View;
			sourceTree = "<group>";
		};
		4DD85509274538D700BE1D4C = {
			isa = PBXGroup;
			children = (
				4DD85514274538D700BE1D4C /* CoreData Assignment */,
				4DD85513274538D700BE1D4C /* Products */,
			);
			sourceTree = "<group>";
		};
		4DD85513274538D700BE1D4C /* Products */ = {
			isa = PBXGroup;
			children = (
				4DD85512274538D700BE1D4C /* CoreData Assignment.app */,
			);
			name = Products;
			sourceTree = "<group>";
		};
		4DD85514274538D700BE1D4C /* CoreData Assignment */ = {
			isa = PBXGroup;
			children = (
				4DD85515274538D700BE1D4C /* AppDelegate.swift */,
				4DD85517274538D700BE1D4C /* SceneDelegate.swift */,
				4DEBAE0727457E8E00293A57 /* DBOperations */,
				4DBF3F08274CDD5E00508A2D /* View */,
				4DBF3F04274CCC0F00508A2D /* ViewModel */,
				4DBF3F07274CDD2300508A2D /* Controllers */,
				4DD85521274538D800BE1D4C /* Assets.xcassets */,
				4DD85523274538D800BE1D4C /* LaunchScreen.storyboard */,
				4DD85526274538D800BE1D4C /* Info.plist */,
				4DD8551E274538D700BE1D4C /* CoreData_Assignment.xcdatamodeld */,
			);
			path = "CoreData Assignment";
			sourceTree = "<group>";
		};
		4DEBAE0727457E8E00293A57 /* DBOperations */ = {
			isa = PBXGroup;
			children = (
				4DEBAE0C27457FF000293A57 /* DBOperations.swift */,
			);
			path = DBOperations;
			sourceTree = "<group>";
		};
/* End PBXGroup section */

/* Begin PBXNativeTarget section */
		4DD85511274538D700BE1D4C /* CoreData Assignment */ = {
			isa = PBXNativeTarget;
			buildConfigurationList = 4DD85529274538D800BE1D4C /* Build configuration list for PBXNativeTarget "CoreData Assignment" */;
			buildPhases = (
				4DD8550E274538D700BE1D4C /* Sources */,
				4DD8550F274538D700BE1D4C /* Frameworks */,
				4DD85510274538D700BE1D4C /* Resources */,
			);
			buildRules = (
			);
			dependencies = (
			);
			name = "CoreData Assignment";
			productName = "CoreData Assignment";
			productReference = 4DD85512274538D700BE1D4C /* CoreData Assignment.app */;
			productType = "com.apple.product-type.application";
		};
/* End PBXNativeTarget section */

/* Begin PBXProject section */
		4DD8550A274538D700BE1D4C /* Project object */ = {
			isa = PBXProject;
			attributes = {
				BuildIndependentTargetsInParallel = 1;
				LastSwiftUpdateCheck = 1310;
				LastUpgradeCheck = 1310;
				TargetAttributes = {
					4DD85511274538D700BE1D4C = {
						CreatedOnToolsVersion = 13.1;
					};
				};
			};
			buildConfigurationList = 4DD8550D274538D700BE1D4C /* Build configuration list for PBXProject "CoreData Assignment" */;
			compatibilityVersion = "Xcode 13.0";
			developmentRegion = en;
			hasScannedForEncodings = 0;
			knownRegions = (
				en,
				Base,
			);
			mainGroup = 4DD85509274538D700BE1D4C;
			productRefGroup = 4DD85513274538D700BE1D4C /* Products */;
			projectDirPath = "";
			projectRoot = "";
			targets = (
				4DD85511274538D700BE1D4C /* CoreData Assignment */,
			);
		};
/* End PBXProject section */

/* Begin PBXResourcesBuildPhase section */
		4DD85510274538D700BE1D4C /* Resources */ = {
			isa = PBXResourcesBuildPhase;
			buildActionMask = 2147483647;
			files = (
				4DD85525274538D800BE1D4C /* LaunchScreen.storyboard in Resources */,
				4DD85522274538D800BE1D4C /* Assets.xcassets in Resources */,
				4DD8551D274538D700BE1D4C /* Main.storyboard in Resources */,
			);
			runOnlyForDeploymentPostprocessing = 0;
		};
/* End PBXResourcesBuildPhase section */

/* Begin PBXSourcesBuildPhase section */
		4DD8550E274538D700BE1D4C /* Sources */ = {
			isa = PBXSourcesBuildPhase;
			buildActionMask = 2147483647;
			files = (
				4DD8551A274538D700BE1D4C /* ViewController.swift in Sources */,
				4DD85516274538D700BE1D4C /* AppDelegate.swift in Sources */,
				4DD85520274538D700BE1D4C /* CoreData_Assignment.xcdatamodeld in Sources */,
				4DBF3F06274CCC4100508A2D /* PersonViewModel.swift in Sources */,
				4DD85518274538D700BE1D4C /* SceneDelegate.swift in Sources */,
				4DEBAE0D27457FF000293A57 /* DBOperations.swift in Sources */,
			);
			runOnlyForDeploymentPostprocessing = 0;
		};
/* End PBXSourcesBuildPhase section */

/* Begin PBXVariantGroup section */
		4DD8551B274538D700BE1D4C /* Main.storyboard */ = {
			isa = PBXVariantGroup;
			children = (
				4DD8551C274538D700BE1D4C /* Base */,
			);
			name = Main.storyboard;
			sourceTree = "<group>";
		};
		4DD85523274538D800BE1D4C /* LaunchScreen.storyboard */ = {
			isa = PBXVariantGroup;
			children = (
				4DD85524274538D800BE1D4C /* Base */,
			);
			name = LaunchScreen.storyboard;
			sourceTree = "<group>";
		};
/* End PBXVariantGroup section */

/* Begin XCBuildConfiguration section */
		4DD85527274538D800BE1D4C /* Debug */ = {
			isa = XCBuildConfiguration;
			buildSettings = {
				ALWAYS_SEARCH_USER_PATHS = NO;
				CLANG_ANALYZER_NONNULL = YES;
				CLANG_ANALYZER_NUMBER_OBJECT_CONVERSION = YES_AGGRESSIVE;
				CLANG_CXX_LANGUAGE_STANDARD = "gnu++17";
				CLANG_CXX_LIBRARY = "libc++";
				CLANG_ENABLE_MODULES = YES;
				CLANG_ENABLE_OBJC_ARC = YES;
				CLANG_ENABLE_OBJC_WEAK = YES;
				CLANG_WARN_BLOCK_CAPTURE_AUTORELEASING = YES;
				CLANG_WARN_BOOL_CONVERSION = YES;
				CLANG_WARN_COMMA = YES;
				CLANG_WARN_CONSTANT_CONVERSION = YES;
				CLANG_WARN_DEPRECATED_OBJC_IMPLEMENTATIONS = YES;
				CLANG_WARN_DIRECT_OBJC_ISA_USAGE = YES_ERROR;
				CLANG_WARN_DOCUMENTATION_COMMENTS = YES;
				CLANG_WARN_EMPTY_BODY = YES;
				CLANG_WARN_ENUM_CONVERSION = YES;
				CLANG_WARN_INFINITE_RECURSION = YES;
				CLANG_WARN_INT_CONVERSION = YES;
				CLANG_WARN_NON_LITERAL_NULL_CONVERSION = YES;
				CLANG_WARN_OBJC_IMPLICIT_RETAIN_SELF = YES;
				CLANG_WARN_OBJC_LITERAL_CONVERSION = YES;
				CLANG_WARN_OBJC_ROOT_CLASS = YES_ERROR;
				CLANG_WARN_QUOTED_INCLUDE_IN_FRAMEWORK_HEADER = YES;
				CLANG_WARN_RANGE_LOOP_ANALYSIS = YES;
				CLANG_WARN_STRICT_PROTOTYPES = YES;
				CLANG_WARN_SUSPICIOUS_MOVE = YES;
				CLANG_WARN_UNGUARDED_AVAILABILITY = YES_AGGRESSIVE;
				CLANG_WARN_UNREACHABLE_CODE = YES;
				CLANG_WARN__DUPLICATE_METHOD_MATCH = YES;
				COPY_PHASE_STRIP = NO;
				DEBUG_INFORMATION_FORMAT = dwarf;
				ENABLE_STRICT_OBJC_MSGSEND = YES;
				ENABLE_TESTABILITY = YES;
				GCC_C_LANGUAGE_STANDARD = gnu11;
				GCC_DYNAMIC_NO_PIC = NO;
				GCC_NO_COMMON_BLOCKS = YES;
				GCC_OPTIMIZATION_LEVEL = 0;
				GCC_PREPROCESSOR_DEFINITIONS = (
					"DEBUG=1",
					"$(inherited)",
				);
				GCC_WARN_64_TO_32_BIT_CONVERSION = YES;
				GCC_WARN_ABOUT_RETURN_TYPE = YES_ERROR;
				GCC_WARN_UNDECLARED_SELECTOR = YES;
				GCC_WARN_UNINITIALIZED_AUTOS = YES_AGGRESSIVE;
				GCC_WARN_UNUSED_FUNCTION = YES;
				GCC_WARN_UNUSED_VARIABLE = YES;
				IPHONEOS_DEPLOYMENT_TARGET = 15.0;
				MTL_ENABLE_DEBUG_INFO = INCLUDE_SOURCE;
				MTL_FAST_MATH = YES;
				ONLY_ACTIVE_ARCH = YES;
				SDKROOT = iphoneos;
				SWIFT_ACTIVE_COMPILATION_CONDITIONS = DEBUG;
				SWIFT_OPTIMIZATION_LEVEL = "-Onone";
			};
			name = Debug;
		};
		4DD85528274538D800BE1D4C /* Release */ = {
			isa = XCBuildConfiguration;
			buildSettings = {
				ALWAYS_SEARCH_USER_PATHS = NO;
				CLANG_ANALYZER_NONNULL = YES;
				CLANG_ANALYZER_NUMBER_OBJECT_CONVERSION = YES_AGGRESSIVE;
				CLANG_CXX_LANGUAGE_STANDARD = "gnu++17";
				CLANG_CXX_LIBRARY = "libc++";
				CLANG_ENABLE_MODULES = YES;
				CLANG_ENABLE_OBJC_ARC = YES;
				CLANG_ENABLE_OBJC_WEAK = YES;
				CLANG_WARN_BLOCK_CAPTURE_AUTORELEASING = YES;
				CLANG_WARN_BOOL_CONVERSION = YES;
				CLANG_WARN_COMMA = YES;
				CLANG_WARN_CONSTANT_CONVERSION = YES;
				CLANG_WARN_DEPRECATED_OBJC_IMPLEMENTATIONS = YES;
				CLANG_WARN_DIRECT_OBJC_ISA_USAGE = YES_ERROR;
				CLANG_WARN_DOCUMENTATION_COMMENTS = YES;
				CLANG_WARN_EMPTY_BODY = YES;
				CLANG_WARN_ENUM_CONVERSION = YES;
				CLANG_WARN_INFINITE_RECURSION = YES;
				CLANG_WARN_INT_CONVERSION = YES;
				CLANG_WARN_NON_LITERAL_NULL_CONVERSION = YES;
				CLANG_WARN_OBJC_IMPLICIT_RETAIN_SELF = YES;
				CLANG_WARN_OBJC_LITERAL_CONVERSION = YES;
				CLANG_WARN_OBJC_ROOT_CLASS = YES_ERROR;
				CLANG_WARN_QUOTED_INCLUDE_IN_FRAMEWORK_HEADER = YES;
				CLANG_WARN_RANGE_LOOP_ANALYSIS = YES;
				CLANG_WARN_STRICT_PROTOTYPES = YES;
				CLANG_WARN_SUSPICIOUS_MOVE = YES;
				CLANG_WARN_UNGUARDED_AVAILABILITY = YES_AGGRESSIVE;
				CLANG_WARN_UNREACHABLE_CODE = YES;
				CLANG_WARN__DUPLICATE_METHOD_MATCH = YES;
				COPY_PHASE_STRIP = NO;
				DEBUG_INFORMATION_FORMAT = "dwarf-with-dsym";
				ENABLE_NS_ASSERTIONS = NO;
				ENABLE_STRICT_OBJC_MSGSEND = YES;
				GCC_C_LANGUAGE_STANDARD = gnu11;
				GCC_NO_COMMON_BLOCKS = YES;
				GCC_WARN_64_TO_32_BIT_CONVERSION = YES;
				GCC_WARN_ABOUT_RETURN_TYPE = YES_ERROR;
				GCC_WARN_UNDECLARED_SELECTOR = YES;
				GCC_WARN_UNINITIALIZED_AUTOS = YES_AGGRESSIVE;
				GCC_WARN_UNUSED_FUNCTION = YES;
				GCC_WARN_UNUSED_VARIABLE = YES;
				IPHONEOS_DEPLOYMENT_TARGET = 15.0;
				MTL_ENABLE_DEBUG_INFO = NO;
				MTL_FAST_MATH = YES;
				SDKROOT = iphoneos;
				SWIFT_COMPILATION_MODE = wholemodule;
				SWIFT_OPTIMIZATION_LEVEL = "-O";
				VALIDATE_PRODUCT = YES;
			};
			name = Release;
		};
		4DD8552A274538D800BE1D4C /* Debug */ = {
			isa = XCBuildConfiguration;
			buildSettings = {
				ASSETCATALOG_COMPILER_APPICON_NAME = AppIcon;
				ASSETCATALOG_COMPILER_GLOBAL_ACCENT_COLOR_NAME = AccentColor;
				CODE_SIGN_IDENTITY = "Apple Development";
				CODE_SIGN_STYLE = Manual;
				CURRENT_PROJECT_VERSION = 1;
				DEVELOPMENT_TEAM = "";
				GENERATE_INFOPLIST_FILE = YES;
				INFOPLIST_FILE = "CoreData Assignment/Info.plist";
				INFOPLIST_KEY_UIApplicationSupportsIndirectInputEvents = YES;
				INFOPLIST_KEY_UILaunchStoryboardName = LaunchScreen;
				INFOPLIST_KEY_UIMainStoryboardFile = Main;
				INFOPLIST_KEY_UISupportedInterfaceOrientations_iPad = "UIInterfaceOrientationPortrait UIInterfaceOrientationPortraitUpsideDown UIInterfaceOrientationLandscapeLeft UIInterfaceOrientationLandscapeRight";
				INFOPLIST_KEY_UISupportedInterfaceOrientations_iPhone = "UIInterfaceOrientationPortrait UIInterfaceOrientationLandscapeLeft UIInterfaceOrientationLandscapeRight";
				LD_RUNPATH_SEARCH_PATHS = (
					"$(inherited)",
					"@executable_path/Frameworks",
				);
				MARKETING_VERSION = 1.0;
				PRODUCT_BUNDLE_IDENTIFIER = "com.arifashraf.CoreData-Assignment";
				PRODUCT_NAME = "$(TARGET_NAME)";
				PROVISIONING_PROFILE_SPECIFIER = "";
				SWIFT_EMIT_LOC_STRINGS = YES;
				SWIFT_VERSION = 5.0;
				TARGETED_DEVICE_FAMILY = "1,2";
			};
			name = Debug;
		};
		4DD8552B274538D800BE1D4C /* Release */ = {
			isa = XCBuildConfiguration;
			buildSettings = {
				ASSETCATALOG_COMPILER_APPICON_NAME = AppIcon;
				ASSETCATALOG_COMPILER_GLOBAL_ACCENT_COLOR_NAME = AccentColor;
				CODE_SIGN_IDENTITY = "Apple Development";
				CODE_SIGN_STYLE = Manual;
				CURRENT_PROJECT_VERSION = 1;
				DEVELOPMENT_TEAM = "";
				GENERATE_INFOPLIST_FILE = YES;
				INFOPLIST_FILE = "CoreData Assignment/Info.plist";
				INFOPLIST_KEY_UIApplicationSupportsIndirectInputEvents = YES;
				INFOPLIST_KEY_UILaunchStoryboardName = LaunchScreen;
				INFOPLIST_KEY_UIMainStoryboardFile = Main;
				INFOPLIST_KEY_UISupportedInterfaceOrientations_iPad = "UIInterfaceOrientationPortrait UIInterfaceOrientationPortraitUpsideDown UIInterfaceOrientationLandscapeLeft UIInterfaceOrientationLandscapeRight";
				INFOPLIST_KEY_UISupportedInterfaceOrientations_iPhone = "UIInterfaceOrientationPortrait UIInterfaceOrientationLandscapeLeft UIInterfaceOrientationLandscapeRight";
				LD_RUNPATH_SEARCH_PATHS = (
					"$(inherited)",
					"@executable_path/Frameworks",
				);
				MARKETING_VERSION = 1.0;
				PRODUCT_BUNDLE_IDENTIFIER = "com.arifashraf.CoreData-Assignment";
				PRODUCT_NAME = "$(TARGET_NAME)";
				PROVISIONING_PROFILE_SPECIFIER = "";
				SWIFT_EMIT_LOC_STRINGS = YES;
				SWIFT_VERSION = 5.0;
				TARGETED_DEVICE_FAMILY = "1,2";
			};
			name = Release;
		};
/* End XCBuildConfiguration section */

/* Begin XCConfigurationList section */
		4DD8550D274538D700BE1D4C /* Build configuration list for PBXProject "CoreData Assignment" */ = {
			isa = XCConfigurationList;
			buildConfigurations = (
				4DD85527274538D800BE1D4C /* Debug */,
				4DD85528274538D800BE1D4C /* Release */,
			);
			defaultConfigurationIsVisible = 0;
			defaultConfigurationName = Release;
		};
		4DD85529274538D800BE1D4C /* Build configuration list for PBXNativeTarget "CoreData Assignment" */ = {
			isa = XCConfigurationList;
			buildConfigurations = (
				4DD8552A274538D800BE1D4C /* Debug */,
				4DD8552B274538D800BE1D4C /* Release */,
			);
			defaultConfigurationIsVisible = 0;
			defaultConfigurationName = Release;
		};
/* End XCConfigurationList section */

/* Begin XCVersionGroup section */
		4DD8551E274538D700BE1D4C /* CoreData_Assignment.xcdatamodeld */ = {
			isa = XCVersionGroup;
			children = (
				4DD8551F274538D700BE1D4C /* CoreData_Assignment.xcdatamodel */,
			);
			currentVersion = 4DD8551F274538D700BE1D4C /* CoreData_Assignment.xcdatamodel */;
			path = CoreData_Assignment.xcdatamodeld;
			sourceTree = "<group>";
			versionGroupType = wrapper.xcdatamodel;
		};
/* End XCVersionGroup section */
	};
	rootObject = 4DD8550A274538D700BE1D4C /* Project object */;
}
